
Microsoft Visual Studio Solution File, Format Version 12.00
# Visual Studio Version 17
VisualStudioVersion = 17.4.33213.308
MinimumVisualStudioVersion = 10.0.40219.1
Project("{FAE04EC0-301F-11D3-BF4B-00C04F79EFBC}") = "ValueObjects", "ValueObjects\ValueObjects.csproj", "{FAEF5C2E-579D-47AE-A5E7-3D13BC10E96F}"
EndProject
Project("{FAE04EC0-301F-11D3-BF4B-00C04F79EFBC}") = "ValueObjects.UnitTests", "ValueObjects.UnitTests\ValueObjects.UnitTests.csproj", "{5C6ABD43-9E7A-488A-B744-567E84F2E09A}"
EndProject
Global
	GlobalSection(SolutionConfigurationPlatforms) = preSolution
		Debug|Any CPU = Debug|Any CPU
		Release|Any CPU = Release|Any CPU
	EndGlobalSection
	GlobalSection(ProjectConfigurationPlatforms) = postSolution
		{FAEF5C2E-579D-47AE-A5E7-3D13BC10E96F}.Debug|Any CPU.ActiveCfg = Debug|Any CPU
		{FAEF5C2E-579D-47AE-A5E7-3D13BC10E96F}.Debug|Any CPU.Build.0 = Debug|Any CPU
		{FAEF5C2E-579D-47AE-A5E7-3D13BC10E96F}.Release|Any CPU.ActiveCfg = Release|Any CPU
		{FAEF5C2E-579D-47AE-A5E7-3D13BC10E96F}.Release|Any CPU.Build.0 = Release|Any CPU
		{5C6ABD43-9E7A-488A-B744-567E84F2E09A}.Debug|Any CPU.ActiveCfg = Debug|Any CPU
		{5C6ABD43-9E7A-488A-B744-567E84F2E09A}.Debug|Any CPU.Build.0 = Debug|Any CPU
		{5C6ABD43-9E7A-488A-B744-567E84F2E09A}.Release|Any CPU.ActiveCfg = Release|Any CPU
		{5C6ABD43-9E7A-488A-B744-567E84F2E09A}.Release|Any CPU.Build.0 = Release|Any CPU
	EndGlobalSection
	GlobalSection(SolutionProperties) = preSolution
		HideSolutionNode = FALSE
	EndGlobalSection
	GlobalSection(ExtensibilityGlobals) = postSolution
		SolutionGuid = {2FA9077F-66A6-4528-B0E5-BED2778B0322}
	EndGlobalSection
EndGlobal
